// !$*UTF8*$!
{
	archiveVersion = 1;
	classes = {
	};
	objectVersion = 50;
	objects = {

/* Begin PBXBuildFile section */
		68C160482510D827002FAA59 /* CieloPaymentLink.h in Headers */ = {isa = PBXBuildFile; fileRef = 68C160462510D827002FAA59 /* CieloPaymentLink.h */; settings = {ATTRIBUTES = (Public, ); }; };
		68C160582510D859002FAA59 /* AccessToken.swift in Sources */ = {isa = PBXBuildFile; fileRef = 68C1604F2510D859002FAA59 /* AccessToken.swift */; };
		68C160592510D859002FAA59 /* PaymentModel.swift in Sources */ = {isa = PBXBuildFile; fileRef = 68C160502510D859002FAA59 /* PaymentModel.swift */; };
		68C1605A2510D859002FAA59 /* Credentials.swift in Sources */ = {isa = PBXBuildFile; fileRef = 68C160512510D859002FAA59 /* Credentials.swift */; };
		68C1605B2510D859002FAA59 /* AuthenticationService.swift in Sources */ = {isa = PBXBuildFile; fileRef = 68C160532510D859002FAA59 /* AuthenticationService.swift */; };
		68C1605C2510D859002FAA59 /* APICaller.swift in Sources */ = {isa = PBXBuildFile; fileRef = 68C160542510D859002FAA59 /* APICaller.swift */; };
		68C1605D2510D859002FAA59 /* ProductService.swift in Sources */ = {isa = PBXBuildFile; fileRef = 68C160552510D859002FAA59 /* ProductService.swift */; };
		68C1605E2510D859002FAA59 /* APIRequest.swift in Sources */ = {isa = PBXBuildFile; fileRef = 68C160562510D859002FAA59 /* APIRequest.swift */; };
		68C1605F2510D859002FAA59 /* CieloPaymentLinkClient.swift in Sources */ = {isa = PBXBuildFile; fileRef = 68C160572510D859002FAA59 /* CieloPaymentLinkClient.swift */; };
/* End PBXBuildFile section */

/* Begin PBXFileReference section */
		68C160432510D827002FAA59 /* CieloPaymentLink.framework */ = {isa = PBXFileReference; explicitFileType = wrapper.framework; includeInIndex = 0; path = CieloPaymentLink.framework; sourceTree = BUILT_PRODUCTS_DIR; };
		68C160462510D827002FAA59 /* CieloPaymentLink.h */ = {isa = PBXFileReference; lastKnownFileType = sourcecode.c.h; path = CieloPaymentLink.h; sourceTree = "<group>"; };
		68C160472510D827002FAA59 /* Info.plist */ = {isa = PBXFileReference; lastKnownFileType = text.plist.xml; path = Info.plist; sourceTree = "<group>"; };
		68C1604F2510D859002FAA59 /* AccessToken.swift */ = {isa = PBXFileReference; fileEncoding = 4; lastKnownFileType = sourcecode.swift; path = AccessToken.swift; sourceTree = "<group>"; };
		68C160502510D859002FAA59 /* PaymentModel.swift */ = {isa = PBXFileReference; fileEncoding = 4; lastKnownFileType = sourcecode.swift; path = PaymentModel.swift; sourceTree = "<group>"; };
		68C160512510D859002FAA59 /* Credentials.swift */ = {isa = PBXFileReference; fileEncoding = 4; lastKnownFileType = sourcecode.swift; path = Credentials.swift; sourceTree = "<group>"; };
		68C160532510D859002FAA59 /* AuthenticationService.swift */ = {isa = PBXFileReference; fileEncoding = 4; lastKnownFileType = sourcecode.swift; path = AuthenticationService.swift; sourceTree = "<group>"; };
		68C160542510D859002FAA59 /* APICaller.swift */ = {isa = PBXFileReference; fileEncoding = 4; lastKnownFileType = sourcecode.swift; path = APICaller.swift; sourceTree = "<group>"; };
		68C160552510D859002FAA59 /* ProductService.swift */ = {isa = PBXFileReference; fileEncoding = 4; lastKnownFileType = sourcecode.swift; path = ProductService.swift; sourceTree = "<group>"; };
		68C160562510D859002FAA59 /* APIRequest.swift */ = {isa = PBXFileReference; fileEncoding = 4; lastKnownFileType = sourcecode.swift; path = APIRequest.swift; sourceTree = "<group>"; };
		68C160572510D859002FAA59 /* CieloPaymentLinkClient.swift */ = {isa = PBXFileReference; fileEncoding = 4; lastKnownFileType = sourcecode.swift; name = CieloPaymentLinkClient.swift; path = ../../CieloPaymentLinkClient/Classes/CieloPaymentLinkClient.swift; sourceTree = "<group>"; };
/* End PBXFileReference section */

/* Begin PBXFrameworksBuildPhase section */
		68C160402510D827002FAA59 /* Frameworks */ = {
			isa = PBXFrameworksBuildPhase;
			buildActionMask = 2147483647;
			files = (
			);
			runOnlyForDeploymentPostprocessing = 0;
		};
/* End PBXFrameworksBuildPhase section */

/* Begin PBXGroup section */
		68C160392510D827002FAA59 = {
			isa = PBXGroup;
			children = (
				68C160452510D827002FAA59 /* CieloPaymentLink */,
				68C160442510D827002FAA59 /* Products */,
			);
			sourceTree = "<group>";
		};
		68C160442510D827002FAA59 /* Products */ = {
			isa = PBXGroup;
			children = (
				68C160432510D827002FAA59 /* CieloPaymentLink.framework */,
			);
			name = Products;
			sourceTree = "<group>";
		};
		68C160452510D827002FAA59 /* CieloPaymentLink */ = {
			isa = PBXGroup;
			children = (
				68C160572510D859002FAA59 /* CieloPaymentLinkClient.swift */,
				68C1604E2510D859002FAA59 /* Models */,
				68C160522510D859002FAA59 /* Services */,
				68C160462510D827002FAA59 /* CieloPaymentLink.h */,
				68C160472510D827002FAA59 /* Info.plist */,
			);
			path = CieloPaymentLink;
			sourceTree = "<group>";
		};
		68C1604E2510D859002FAA59 /* Models */ = {
			isa = PBXGroup;
			children = (
				68C1604F2510D859002FAA59 /* AccessToken.swift */,
				68C160502510D859002FAA59 /* PaymentModel.swift */,
				68C160512510D859002FAA59 /* Credentials.swift */,
			);
			name = Models;
			path = ../../CieloPaymentLinkClient/Classes/Models;
			sourceTree = "<group>";
		};
		68C160522510D859002FAA59 /* Services */ = {
			isa = PBXGroup;
			children = (
				68C160532510D859002FAA59 /* AuthenticationService.swift */,
				68C160542510D859002FAA59 /* APICaller.swift */,
				68C160552510D859002FAA59 /* ProductService.swift */,
				68C160562510D859002FAA59 /* APIRequest.swift */,
			);
			name = Services;
			path = ../../CieloPaymentLinkClient/Classes/Services;
			sourceTree = "<group>";
		};
/* End PBXGroup section */

/* Begin PBXHeadersBuildPhase section */
		68C1603E2510D827002FAA59 /* Headers */ = {
			isa = PBXHeadersBuildPhase;
			buildActionMask = 2147483647;
			files = (
				68C160482510D827002FAA59 /* CieloPaymentLink.h in Headers */,
			);
			runOnlyForDeploymentPostprocessing = 0;
		};
/* End PBXHeadersBuildPhase section */

/* Begin PBXNativeTarget section */
		68C160422510D827002FAA59 /* CieloPaymentLink */ = {
			isa = PBXNativeTarget;
			buildConfigurationList = 68C1604B2510D827002FAA59 /* Build configuration list for PBXNativeTarget "CieloPaymentLink" */;
			buildPhases = (
				68C1603E2510D827002FAA59 /* Headers */,
				68C1603F2510D827002FAA59 /* Sources */,
				68C160402510D827002FAA59 /* Frameworks */,
				68C160412510D827002FAA59 /* Resources */,
			);
			buildRules = (
			);
			dependencies = (
			);
			name = CieloPaymentLink;
			productName = CieloPaymentLink;
			productReference = 68C160432510D827002FAA59 /* CieloPaymentLink.framework */;
			productType = "com.apple.product-type.framework";
		};
/* End PBXNativeTarget section */

/* Begin PBXProject section */
		68C1603A2510D827002FAA59 /* Project object */ = {
			isa = PBXProject;
			attributes = {
				LastUpgradeCheck = 1150;
				ORGANIZATIONNAME = jnazario.com;
				TargetAttributes = {
					68C160422510D827002FAA59 = {
						CreatedOnToolsVersion = 11.5;
						LastSwiftMigration = 1150;
					};
				};
			};
			buildConfigurationList = 68C1603D2510D827002FAA59 /* Build configuration list for PBXProject "CieloPaymentLink" */;
			compatibilityVersion = "Xcode 9.3";
			developmentRegion = en;
			hasScannedForEncodings = 0;
			knownRegions = (
				en,
				Base,
			);
			mainGroup = 68C160392510D827002FAA59;
			productRefGroup = 68C160442510D827002FAA59 /* Products */;
			projectDirPath = "";
			projectRoot = "";
			targets = (
				68C160422510D827002FAA59 /* CieloPaymentLink */,
			);
		};
/* End PBXProject section */

/* Begin PBXResourcesBuildPhase section */
		68C160412510D827002FAA59 /* Resources */ = {
			isa = PBXResourcesBuildPhase;
			buildActionMask = 2147483647;
			files = (
			);
			runOnlyForDeploymentPostprocessing = 0;
		};
/* End PBXResourcesBuildPhase section */

/* Begin PBXSourcesBuildPhase section */
		68C1603F2510D827002FAA59 /* Sources */ = {
			isa = PBXSourcesBuildPhase;
			buildActionMask = 2147483647;
			files = (
				68C1605A2510D859002FAA59 /* Credentials.swift in Sources */,
				68C1605E2510D859002FAA59 /* APIRequest.swift in Sources */,
				68C160592510D859002FAA59 /* PaymentModel.swift in Sources */,
				68C160582510D859002FAA59 /* AccessToken.swift in Sources */,
				68C1605C2510D859002FAA59 /* APICaller.swift in Sources */,
				68C1605B2510D859002FAA59 /* AuthenticationService.swift in Sources */,
				68C1605F2510D859002FAA59 /* CieloPaymentLinkClient.swift in Sources */,
				68C1605D2510D859002FAA59 /* ProductService.swift in Sources */,
			);
			runOnlyForDeploymentPostprocessing = 0;
		};
/* End PBXSourcesBuildPhase section */

/* Begin XCBuildConfiguration section */
		68C160492510D827002FAA59 /* Debug */ = {
			isa = XCBuildConfiguration;
			buildSettings = {
				ALWAYS_SEARCH_USER_PATHS = NO;
				CLANG_ANALYZER_NONNULL = YES;
				CLANG_ANALYZER_NUMBER_OBJECT_CONVERSION = YES_AGGRESSIVE;
				CLANG_CXX_LANGUAGE_STANDARD = "gnu++14";
				CLANG_CXX_LIBRARY = "libc++";
				CLANG_ENABLE_MODULES = YES;
				CLANG_ENABLE_OBJC_ARC = YES;
				CLANG_ENABLE_OBJC_WEAK = YES;
				CLANG_WARN_BLOCK_CAPTURE_AUTORELEASING = YES;
				CLANG_WARN_BOOL_CONVERSION = YES;
				CLANG_WARN_COMMA = YES;
				CLANG_WARN_CONSTANT_CONVERSION = YES;
				CLANG_WARN_DEPRECATED_OBJC_IMPLEMENTATIONS = YES;
				CLANG_WARN_DIRECT_OBJC_ISA_USAGE = YES_ERROR;
				CLANG_WARN_DOCUMENTATION_COMMENTS = YES;
				CLANG_WARN_EMPTY_BODY = YES;
				CLANG_WARN_ENUM_CONVERSION = YES;
				CLANG_WARN_INFINITE_RECURSION = YES;
				CLANG_WARN_INT_CONVERSION = YES;
				CLANG_WARN_NON_LITERAL_NULL_CONVERSION = YES;
				CLANG_WARN_OBJC_IMPLICIT_RETAIN_SELF = YES;
				CLANG_WARN_OBJC_LITERAL_CONVERSION = YES;
				CLANG_WARN_OBJC_ROOT_CLASS = YES_ERROR;
				CLANG_WARN_RANGE_LOOP_ANALYSIS = YES;
				CLANG_WARN_STRICT_PROTOTYPES = YES;
				CLANG_WARN_SUSPICIOUS_MOVE = YES;
				CLANG_WARN_UNGUARDED_AVAILABILITY = YES_AGGRESSIVE;
				CLANG_WARN_UNREACHABLE_CODE = YES;
				CLANG_WARN__DUPLICATE_METHOD_MATCH = YES;
				COPY_PHASE_STRIP = NO;
				CURRENT_PROJECT_VERSION = 1;
				DEBUG_INFORMATION_FORMAT = dwarf;
				ENABLE_STRICT_OBJC_MSGSEND = YES;
				ENABLE_TESTABILITY = YES;
				GCC_C_LANGUAGE_STANDARD = gnu11;
				GCC_DYNAMIC_NO_PIC = NO;
				GCC_NO_COMMON_BLOCKS = YES;
				GCC_OPTIMIZATION_LEVEL = 0;
				GCC_PREPROCESSOR_DEFINITIONS = (
					"DEBUG=1",
					"$(inherited)",
				);
				GCC_WARN_64_TO_32_BIT_CONVERSION = YES;
				GCC_WARN_ABOUT_RETURN_TYPE = YES_ERROR;
				GCC_WARN_UNDECLARED_SELECTOR = YES;
				GCC_WARN_UNINITIALIZED_AUTOS = YES_AGGRESSIVE;
				GCC_WARN_UNUSED_FUNCTION = YES;
				GCC_WARN_UNUSED_VARIABLE = YES;
				IPHONEOS_DEPLOYMENT_TARGET = 13.5;
				MTL_ENABLE_DEBUG_INFO = INCLUDE_SOURCE;
				MTL_FAST_MATH = YES;
				ONLY_ACTIVE_ARCH = YES;
				SDKROOT = iphoneos;
				SWIFT_ACTIVE_COMPILATION_CONDITIONS = DEBUG;
				SWIFT_OPTIMIZATION_LEVEL = "-Onone";
				VERSIONING_SYSTEM = "apple-generic";
				VERSION_INFO_PREFIX = "";
			};
			name = Debug;
		};
		68C1604A2510D827002FAA59 /* Release */ = {
			isa = XCBuildConfiguration;
			buildSettings = {
				ALWAYS_SEARCH_USER_PATHS = NO;
				CLANG_ANALYZER_NONNULL = YES;
				CLANG_ANALYZER_NUMBER_OBJECT_CONVERSION = YES_AGGRESSIVE;
				CLANG_CXX_LANGUAGE_STANDARD = "gnu++14";
				CLANG_CXX_LIBRARY = "libc++";
				CLANG_ENABLE_MODULES = YES;
				CLANG_ENABLE_OBJC_ARC = YES;
				CLANG_ENABLE_OBJC_WEAK = YES;
				CLANG_WARN_BLOCK_CAPTURE_AUTORELEASING = YES;
				CLANG_WARN_BOOL_CONVERSION = YES;
				CLANG_WARN_COMMA = YES;
				CLANG_WARN_CONSTANT_CONVERSION = YES;
				CLANG_WARN_DEPRECATED_OBJC_IMPLEMENTATIONS = YES;
				CLANG_WARN_DIRECT_OBJC_ISA_USAGE = YES_ERROR;
				CLANG_WARN_DOCUMENTATION_COMMENTS = YES;
				CLANG_WARN_EMPTY_BODY = YES;
				CLANG_WARN_ENUM_CONVERSION = YES;
				CLANG_WARN_INFINITE_RECURSION = YES;
				CLANG_WARN_INT_CONVERSION = YES;
				CLANG_WARN_NON_LITERAL_NULL_CONVERSION = YES;
				CLANG_WARN_OBJC_IMPLICIT_RETAIN_SELF = YES;
				CLANG_WARN_OBJC_LITERAL_CONVERSION = YES;
				CLANG_WARN_OBJC_ROOT_CLASS = YES_ERROR;
				CLANG_WARN_RANGE_LOOP_ANALYSIS = YES;
				CLANG_WARN_STRICT_PROTOTYPES = YES;
				CLANG_WARN_SUSPICIOUS_MOVE = YES;
				CLANG_WARN_UNGUARDED_AVAILABILITY = YES_AGGRESSIVE;
				CLANG_WARN_UNREACHABLE_CODE = YES;
				CLANG_WARN__DUPLICATE_METHOD_MATCH = YES;
				COPY_PHASE_STRIP = NO;
				CURRENT_PROJECT_VERSION = 1;
				DEBUG_INFORMATION_FORMAT = "dwarf-with-dsym";
				ENABLE_NS_ASSERTIONS = NO;
				ENABLE_STRICT_OBJC_MSGSEND = YES;
				GCC_C_LANGUAGE_STANDARD = gnu11;
				GCC_NO_COMMON_BLOCKS = YES;
				GCC_WARN_64_TO_32_BIT_CONVERSION = YES;
				GCC_WARN_ABOUT_RETURN_TYPE = YES_ERROR;
				GCC_WARN_UNDECLARED_SELECTOR = YES;
				GCC_WARN_UNINITIALIZED_AUTOS = YES_AGGRESSIVE;
				GCC_WARN_UNUSED_FUNCTION = YES;
				GCC_WARN_UNUSED_VARIABLE = YES;
				IPHONEOS_DEPLOYMENT_TARGET = 13.5;
				MTL_ENABLE_DEBUG_INFO = NO;
				MTL_FAST_MATH = YES;
				SDKROOT = iphoneos;
				SWIFT_COMPILATION_MODE = wholemodule;
				SWIFT_OPTIMIZATION_LEVEL = "-O";
				VALIDATE_PRODUCT = YES;
				VERSIONING_SYSTEM = "apple-generic";
				VERSION_INFO_PREFIX = "";
			};
			name = Release;
		};
		68C1604C2510D827002FAA59 /* Debug */ = {
			isa = XCBuildConfiguration;
			buildSettings = {
				CLANG_ENABLE_MODULES = YES;
				CODE_SIGN_STYLE = Automatic;
				CURRENT_PROJECT_VERSION = 101;
				DEFINES_MODULE = YES;
				DEVELOPMENT_TEAM = JL34Y44PJ2;
				DYLIB_COMPATIBILITY_VERSION = 1;
				DYLIB_CURRENT_VERSION = 1;
				DYLIB_INSTALL_NAME_BASE = "@rpath";
				INFOPLIST_FILE = CieloPaymentLink/Info.plist;
				INSTALL_PATH = "$(LOCAL_LIBRARY_DIR)/Frameworks";
				LD_RUNPATH_SEARCH_PATHS = (
					"$(inherited)",
					"@executable_path/Frameworks",
					"@loader_path/Frameworks",
				);
				MARKETING_VERSION = 1.0.1;
				PRODUCT_BUNDLE_IDENTIFIER = com.jnazario.CieloPaymentLink;
				PRODUCT_NAME = "$(TARGET_NAME:c99extidentifier)";
				SKIP_INSTALL = YES;
				SWIFT_OPTIMIZATION_LEVEL = "-Onone";
				SWIFT_VERSION = 5.0;
				TARGETED_DEVICE_FAMILY = "1,2";
			};
			name = Debug;
		};
		68C1604D2510D827002FAA59 /* Release */ = {
			isa = XCBuildConfiguration;
			buildSettings = {
				CLANG_ENABLE_MODULES = YES;
				CODE_SIGN_STYLE = Automatic;
				CURRENT_PROJECT_VERSION = 101;
				DEFINES_MODULE = YES;
				DEVELOPMENT_TEAM = JL34Y44PJ2;
				DYLIB_COMPATIBILITY_VERSION = 1;
				DYLIB_CURRENT_VERSION = 1;
				DYLIB_INSTALL_NAME_BASE = "@rpath";
				INFOPLIST_FILE = CieloPaymentLink/Info.plist;
				INSTALL_PATH = "$(LOCAL_LIBRARY_DIR)/Frameworks";
				LD_RUNPATH_SEARCH_PATHS = (
					"$(inherited)",
					"@executable_path/Frameworks",
					"@loader_path/Frameworks",
				);
				MARKETING_VERSION = 1.0.1;
				PRODUCT_BUNDLE_IDENTIFIER = com.jnazario.CieloPaymentLink;
				PRODUCT_NAME = "$(TARGET_NAME:c99extidentifier)";
				SKIP_INSTALL = YES;
				SWIFT_VERSION = 5.0;
				TARGETED_DEVICE_FAMILY = "1,2";
			};
			name = Release;
		};
/* End XCBuildConfiguration section */

/* Begin XCConfigurationList section */
		68C1603D2510D827002FAA59 /* Build configuration list for PBXProject "CieloPaymentLink" */ = {
			isa = XCConfigurationList;
			buildConfigurations = (
				68C160492510D827002FAA59 /* Debug */,
				68C1604A2510D827002FAA59 /* Release */,
			);
			defaultConfigurationIsVisible = 0;
			defaultConfigurationName = Release;
		};
		68C1604B2510D827002FAA59 /* Build configuration list for PBXNativeTarget "CieloPaymentLink" */ = {
			isa = XCConfigurationList;
			buildConfigurations = (
				68C1604C2510D827002FAA59 /* Debug */,
				68C1604D2510D827002FAA59 /* Release */,
			);
			defaultConfigurationIsVisible = 0;
			defaultConfigurationName = Release;
		};
/* End XCConfigurationList section */
	};
	rootObject = 68C1603A2510D827002FAA59 /* Project object */;
}
